// !$*UTF8*$!
{
	archiveVersion = 1;
	classes = {
	};
	objectVersion = 46;
	objects = {

/* Begin PBXBuildFile section */
		335735D415FE31E90090E9C5 /* UIKit.framework in Frameworks */ = {isa = PBXBuildFile; fileRef = 335735D315FE31E90090E9C5 /* UIKit.framework */; };
		335735D615FE31E90090E9C5 /* Foundation.framework in Frameworks */ = {isa = PBXBuildFile; fileRef = 335735D515FE31E90090E9C5 /* Foundation.framework */; };
		335735D815FE31E90090E9C5 /* CoreGraphics.framework in Frameworks */ = {isa = PBXBuildFile; fileRef = 335735D715FE31E90090E9C5 /* CoreGraphics.framework */; };
		335735F115FE36770090E9C5 /* MediaPlayer.framework in Frameworks */ = {isa = PBXBuildFile; fileRef = 335735F015FE36770090E9C5 /* MediaPlayer.framework */; };
		33A5A2E9160754B400825FBA /* AppDelegate.m in Sources */ = {isa = PBXBuildFile; fileRef = 33A5A2E4160754B400825FBA /* AppDelegate.m */; };
		33A5A2EA160754B400825FBA /* MainStoryboard.storyboard in Resources */ = {isa = PBXBuildFile; fileRef = 33A5A2E5160754B400825FBA /* MainStoryboard.storyboard */; };
		33A5A2EB160754B400825FBA /* ViewController.m in Sources */ = {isa = PBXBuildFile; fileRef = 33A5A2E8160754B400825FBA /* ViewController.m */; };
		33A5A2F1160754CB00825FBA /* InfoPlist.strings in Resources */ = {isa = PBXBuildFile; fileRef = 33A5A2EC160754CB00825FBA /* InfoPlist.strings */; };
		33A5A2F2160754CB00825FBA /* main.m in Sources */ = {isa = PBXBuildFile; fileRef = 33A5A2EE160754CB00825FBA /* main.m */; };
/* End PBXBuildFile section */

/* Begin PBXFileReference section */
		335735CF15FE31E90090E9C5 /* UIWebViewMediaPlayer.app */ = {isa = PBXFileReference; explicitFileType = wrapper.application; includeInIndex = 0; path = UIWebViewMediaPlayer.app; sourceTree = BUILT_PRODUCTS_DIR; };
		335735D315FE31E90090E9C5 /* UIKit.framework */ = {isa = PBXFileReference; lastKnownFileType = wrapper.framework; name = UIKit.framework; path = System/Library/Frameworks/UIKit.framework; sourceTree = SDKROOT; };
		335735D515FE31E90090E9C5 /* Foundation.framework */ = {isa = PBXFileReference; lastKnownFileType = wrapper.framework; name = Foundation.framework; path = System/Library/Frameworks/Foundation.framework; sourceTree = SDKROOT; };
		335735D715FE31E90090E9C5 /* CoreGraphics.framework */ = {isa = PBXFileReference; lastKnownFileType = wrapper.framework; name = CoreGraphics.framework; path = System/Library/Frameworks/CoreGraphics.framework; sourceTree = SDKROOT; };
		335735F015FE36770090E9C5 /* MediaPlayer.framework */ = {isa = PBXFileReference; lastKnownFileType = wrapper.framework; name = MediaPlayer.framework; path = System/Library/Frameworks/MediaPlayer.framework; sourceTree = SDKROOT; };
		33A5A2E3160754B400825FBA /* AppDelegate.h */ = {isa = PBXFileReference; fileEncoding = 4; lastKnownFileType = sourcecode.c.h; name = AppDelegate.h; path = UIWebViewMediaPlayer/AppDelegate.h; sourceTree = SOURCE_ROOT; };
		33A5A2E4160754B400825FBA /* AppDelegate.m */ = {isa = PBXFileReference; fileEncoding = 4; lastKnownFileType = sourcecode.c.objc; name = AppDelegate.m; path = UIWebViewMediaPlayer/AppDelegate.m; sourceTree = SOURCE_ROOT; };
		33A5A2E6160754B400825FBA /* en */ = {isa = PBXFileReference; lastKnownFileType = file.storyboard; name = en; path = UIWebViewMediaPlayer/en.lproj/MainStoryboard.storyboard; sourceTree = SOURCE_ROOT; };
		33A5A2E7160754B400825FBA /* ViewController.h */ = {isa = PBXFileReference; fileEncoding = 4; lastKnownFileType = sourcecode.c.h; name = ViewController.h; path = UIWebViewMediaPlayer/ViewController.h; sourceTree = SOURCE_ROOT; };
		33A5A2E8160754B400825FBA /* ViewController.m */ = {isa = PBXFileReference; fileEncoding = 4; lastKnownFileType = sourcecode.c.objc; name = ViewController.m; path = UIWebViewMediaPlayer/ViewController.m; sourceTree = SOURCE_ROOT; };
		33A5A2ED160754CB00825FBA /* en */ = {isa = PBXFileReference; lastKnownFileType = text.plist.strings; name = en; path = UIWebViewMediaPlayer/en.lproj/InfoPlist.strings; sourceTree = SOURCE_ROOT; };
		33A5A2EE160754CB00825FBA /* main.m */ = {isa = PBXFileReference; fileEncoding = 4; lastKnownFileType = sourcecode.c.objc; name = main.m; path = UIWebViewMediaPlayer/main.m; sourceTree = SOURCE_ROOT; };
		33A5A2EF160754CB00825FBA /* UIWebViewMediaPlayer-Info.plist */ = {isa = PBXFileReference; fileEncoding = 4; lastKnownFileType = text.plist.xml; name = "UIWebViewMediaPlayer-Info.plist"; path = "UIWebViewMediaPlayer/UIWebViewMediaPlayer-Info.plist"; sourceTree = SOURCE_ROOT; };
		33A5A2F0160754CB00825FBA /* UIWebViewMediaPlayer-Prefix.pch */ = {isa = PBXFileReference; fileEncoding = 4; lastKnownFileType = sourcecode.c.h; name = "UIWebViewMediaPlayer-Prefix.pch"; path = "UIWebViewMediaPlayer/UIWebViewMediaPlayer-Prefix.pch"; sourceTree = SOURCE_ROOT; };
/* End PBXFileReference section */

/* Begin PBXFrameworksBuildPhase section */
		335735CC15FE31E90090E9C5 /* Frameworks */ = {
			isa = PBXFrameworksBuildPhase;
			buildActionMask = 2147483647;
			files = (
				335735F115FE36770090E9C5 /* MediaPlayer.framework in Frameworks */,
				335735D415FE31E90090E9C5 /* UIKit.framework in Frameworks */,
				335735D615FE31E90090E9C5 /* Foundation.framework in Frameworks */,
				335735D815FE31E90090E9C5 /* CoreGraphics.framework in Frameworks */,
			);
			runOnlyForDeploymentPostprocessing = 0;
		};
/* End PBXFrameworksBuildPhase section */

/* Begin PBXGroup section */
		335735C415FE31E80090E9C5 = {
			isa = PBXGroup;
			children = (
				335735D915FE31E90090E9C5 /* UIWebViewMediaPlayer */,
				335735D215FE31E90090E9C5 /* Frameworks */,
				335735D015FE31E90090E9C5 /* Products */,
			);
			sourceTree = "<group>";
		};
		335735D015FE31E90090E9C5 /* Products */ = {
			isa = PBXGroup;
			children = (
				335735CF15FE31E90090E9C5 /* UIWebViewMediaPlayer.app */,
			);
			name = Products;
			sourceTree = "<group>";
		};
		335735D215FE31E90090E9C5 /* Frameworks */ = {
			isa = PBXGroup;
			children = (
				335735F015FE36770090E9C5 /* MediaPlayer.framework */,
				335735D315FE31E90090E9C5 /* UIKit.framework */,
				335735D515FE31E90090E9C5 /* Foundation.framework */,
				335735D715FE31E90090E9C5 /* CoreGraphics.framework */,
			);
			name = Frameworks;
			sourceTree = "<group>";
		};
		335735D915FE31E90090E9C5 /* UIWebViewMediaPlayer */ = {
			isa = PBXGroup;
			children = (
				33A5A2E3160754B400825FBA /* AppDelegate.h */,
				33A5A2E4160754B400825FBA /* AppDelegate.m */,
				33A5A2E5160754B400825FBA /* MainStoryboard.storyboard */,
				33A5A2E7160754B400825FBA /* ViewController.h */,
				33A5A2E8160754B400825FBA /* ViewController.m */,
				335735DA15FE31E90090E9C5 /* Supporting Files */,
			);
			name = UIWebViewMediaPlayer;
			path = UIWebViewMediaHandling;
			sourceTree = "<group>";
		};
		335735DA15FE31E90090E9C5 /* Supporting Files */ = {
			isa = PBXGroup;
			children = (
				33A5A2EC160754CB00825FBA /* InfoPlist.strings */,
				33A5A2EE160754CB00825FBA /* main.m */,
				33A5A2EF160754CB00825FBA /* UIWebViewMediaPlayer-Info.plist */,
				33A5A2F0160754CB00825FBA /* UIWebViewMediaPlayer-Prefix.pch */,
			);
			name = "Supporting Files";
			sourceTree = "<group>";
		};
/* End PBXGroup section */

/* Begin PBXNativeTarget section */
		335735CE15FE31E90090E9C5 /* UIWebViewMediaPlayer */ = {
			isa = PBXNativeTarget;
			buildConfigurationList = 335735ED15FE31E90090E9C5 /* Build configuration list for PBXNativeTarget "UIWebViewMediaPlayer" */;
			buildPhases = (
				335735CB15FE31E90090E9C5 /* Sources */,
				335735CC15FE31E90090E9C5 /* Frameworks */,
				335735CD15FE31E90090E9C5 /* Resources */,
			);
			buildRules = (
			);
			dependencies = (
			);
			name = UIWebViewMediaPlayer;
			productName = UIWebViewMediaHandling;
			productReference = 335735CF15FE31E90090E9C5 /* UIWebViewMediaPlayer.app */;
			productType = "com.apple.product-type.application";
		};
/* End PBXNativeTarget section */

/* Begin PBXProject section */
		335735C615FE31E80090E9C5 /* Project object */ = {
			isa = PBXProject;
			attributes = {
				LastUpgradeCheck = 0430;
			};
			buildConfigurationList = 335735C915FE31E80090E9C5 /* Build configuration list for PBXProject "UIWebViewMediaPlayer" */;
			compatibilityVersion = "Xcode 3.2";
			developmentRegion = English;
			hasScannedForEncodings = 0;
			knownRegions = (
				en,
			);
			mainGroup = 335735C415FE31E80090E9C5;
			productRefGroup = 335735D015FE31E90090E9C5 /* Products */;
			projectDirPath = "";
			projectRoot = "";
			targets = (
				335735CE15FE31E90090E9C5 /* UIWebViewMediaPlayer */,
			);
		};
/* End PBXProject section */

/* Begin PBXResourcesBuildPhase section */
		335735CD15FE31E90090E9C5 /* Resources */ = {
			isa = PBXResourcesBuildPhase;
			buildActionMask = 2147483647;
			files = (
				33A5A2EA160754B400825FBA /* MainStoryboard.storyboard in Resources */,
				33A5A2F1160754CB00825FBA /* InfoPlist.strings in Resources */,
			);
			runOnlyForDeploymentPostprocessing = 0;
		};
/* End PBXResourcesBuildPhase section */

/* Begin PBXSourcesBuildPhase section */
		335735CB15FE31E90090E9C5 /* Sources */ = {
			isa = PBXSourcesBuildPhase;
			buildActionMask = 2147483647;
			files = (
				33A5A2E9160754B400825FBA /* AppDelegate.m in Sources */,
				33A5A2EB160754B400825FBA /* ViewController.m in Sources */,
				33A5A2F2160754CB00825FBA /* main.m in Sources */,
			);
			runOnlyForDeploymentPostprocessing = 0;
		};
/* End PBXSourcesBuildPhase section */

/* Begin PBXVariantGroup section */
		33A5A2E5160754B400825FBA /* MainStoryboard.storyboard */ = {
			isa = PBXVariantGroup;
			children = (
				33A5A2E6160754B400825FBA /* en */,
			);
			name = MainStoryboard.storyboard;
			sourceTree = "<group>";
		};
		33A5A2EC160754CB00825FBA /* InfoPlist.strings */ = {
			isa = PBXVariantGroup;
			children = (
				33A5A2ED160754CB00825FBA /* en */,
			);
			name = InfoPlist.strings;
			sourceTree = "<group>";
		};
/* End PBXVariantGroup section */

/* Begin XCBuildConfiguration section */
		335735EB15FE31E90090E9C5 /* Debug */ = {
			isa = XCBuildConfiguration;
			buildSettings = {
				ALWAYS_SEARCH_USER_PATHS = NO;
				ARCHS = "$(ARCHS_STANDARD_32_BIT)";
				CLANG_ENABLE_OBJC_ARC = YES;
				"CODE_SIGN_IDENTITY[sdk=iphoneos*]" = "iPhone Developer";
				COPY_PHASE_STRIP = NO;
				GCC_C_LANGUAGE_STANDARD = gnu99;
				GCC_DYNAMIC_NO_PIC = NO;
				GCC_OPTIMIZATION_LEVEL = 0;
				GCC_PREPROCESSOR_DEFINITIONS = (
					"DEBUG=1",
					"$(inherited)",
				);
				GCC_SYMBOLS_PRIVATE_EXTERN = NO;
				GCC_VERSION = com.apple.compilers.llvm.clang.1_0;
				GCC_WARN_ABOUT_RETURN_TYPE = YES;
				GCC_WARN_UNINITIALIZED_AUTOS = YES;
				GCC_WARN_UNUSED_VARIABLE = YES;
				IPHONEOS_DEPLOYMENT_TARGET = 5.1;
				SDKROOT = iphoneos;
			};
			name = Debug;
		};
		335735EC15FE31E90090E9C5 /* Release */ = {
			isa = XCBuildConfiguration;
			buildSettings = {
				ALWAYS_SEARCH_USER_PATHS = NO;
				ARCHS = "$(ARCHS_STANDARD_32_BIT)";
				CLANG_ENABLE_OBJC_ARC = YES;
				"CODE_SIGN_IDENTITY[sdk=iphoneos*]" = "iPhone Developer";
				COPY_PHASE_STRIP = YES;
				GCC_C_LANGUAGE_STANDARD = gnu99;
				GCC_VERSION = com.apple.compilers.llvm.clang.1_0;
				GCC_WARN_ABOUT_RETURN_TYPE = YES;
				GCC_WARN_UNINITIALIZED_AUTOS = YES;
				GCC_WARN_UNUSED_VARIABLE = YES;
				IPHONEOS_DEPLOYMENT_TARGET = 5.1;
				OTHER_CFLAGS = "-DNS_BLOCK_ASSERTIONS=1";
				SDKROOT = iphoneos;
				VALIDATE_PRODUCT = YES;
			};
			name = Release;
		};
		335735EE15FE31E90090E9C5 /* Debug */ = {
			isa = XCBuildConfiguration;
			buildSettings = {
				GCC_PRECOMPILE_PREFIX_HEADER = YES;
				GCC_PREFIX_HEADER = "UIWebViewMediaPlayer/UIWebViewMediaPlayer-Prefix.pch";
				INFOPLIST_FILE = "UIWebViewMediaPlayer/UIWebViewMediaPlayer-Info.plist";
				PRODUCT_NAME = UIWebViewMediaPlayer;
				WRAPPER_EXTENSION = app;
			};
			name = Debug;
		};
		335735EF15FE31E90090E9C5 /* Release */ = {
			isa = XCBuildConfiguration;
			buildSettings = {
				GCC_PRECOMPILE_PREFIX_HEADER = YES;
				GCC_PREFIX_HEADER = "UIWebViewMediaPlayer/UIWebViewMediaPlayer-Prefix.pch";
				INFOPLIST_FILE = "UIWebViewMediaPlayer/UIWebViewMediaPlayer-Info.plist";
				PRODUCT_NAME = UIWebViewMediaPlayer;
				WRAPPER_EXTENSION = app;
			};
			name = Release;
		};
/* End XCBuildConfiguration section */

/* Begin XCConfigurationList section */
		335735C915FE31E80090E9C5 /* Build configuration list for PBXProject "UIWebViewMediaPlayer" */ = {
			isa = XCConfigurationList;
			buildConfigurations = (
				335735EB15FE31E90090E9C5 /* Debug */,
				335735EC15FE31E90090E9C5 /* Release */,
			);
			defaultConfigurationIsVisible = 0;
			defaultConfigurationName = Release;
		};
		335735ED15FE31E90090E9C5 /* Build configuration list for PBXNativeTarget "UIWebViewMediaPlayer" */ = {
			isa = XCConfigurationList;
			buildConfigurations = (
				335735EE15FE31E90090E9C5 /* Debug */,
				335735EF15FE31E90090E9C5 /* Release */,
			);
			defaultConfigurationIsVisible = 0;
			defaultConfigurationName = Release;
		};
/* End XCConfigurationList section */
	};
	rootObject = 335735C615FE31E80090E9C5 /* Project object */;
}
